{
  "originHash" : "83e11727cb4b83f315ede7821ae2200cfaf9d52abbaa52f24313c4f7e345b08f",
  "pins" : [
    {
      "identity" : "appcenter-sdk-apple",
      "kind" : "remoteSourceControl",
      "location" : "https://github.com/microsoft/appcenter-sdk-apple",
      "state" : {
        "revision" : "013bffe628b49433d7bc334146a4ed8c507c0e32",
        "version" : "4.1.1"
      }
    },
    {
      "identity" : "combinex",
      "kind" : "remoteSourceControl",
      "location" : "https://github.com/cx-org/CombineX",
      "state" : {
        "revision" : "98096c6b2a51481cb6e4bae8da0a808d8cab09a1",
        "version" : "0.4.0"
      }
    },
    {
      "identity" : "cxextensions",
      "kind" : "remoteSourceControl",
      "location" : "https://github.com/cx-org/CXExtensions",
      "state" : {
        "revision" : "4790ecd6a6c0e796d776a28a820b552f7e8f6abd",
        "version" : "0.4.0"
      }
    },
    {
      "identity" : "cxshim",
      "kind" : "remoteSourceControl",
      "location" : "https://github.com/cx-org/CXShim",
      "state" : {
        "revision" : "82fecc246c7ca9f0ac1656b8199b7956e64d68f3",
        "version" : "0.4.0"
      }
    },
    {
      "identity" : "cxtest",
      "kind" : "remoteSourceControl",
      "location" : "https://github.com/cx-org/CXTest",
      "state" : {
        "revision" : "929ce7cbd3005bc9356ae826bb65ee2611379b17",
        "version" : "0.4.0"
      }
    },
    {
      "identity" : "gzipswift",
      "kind" : "remoteSourceControl",
      "location" : "https://github.com/1024jp/GzipSwift",
      "state" : {
        "revision" : "7a7f17761c76a932662ab77028a4329f67d645a4",
        "version" : "5.2.0"
      }
    },
    {
      "identity" : "plcrashreporter",
      "kind" : "remoteSourceControl",
      "location" : "https://github.com/microsoft/PLCrashReporter.git",
      "state" : {
        "revision" : "de6b8f9db4b2a0aa859a5507550a70548e4da936",
        "version" : "1.8.1"
      }
    },
    {
      "identity" : "regex",
      "kind" : "remoteSourceControl",
      "location" : "https://github.com/ddddxxx/Regex",
      "state" : {
        "revision" : "c0ad0a7e9a48989d9688c2b524a1e69b6293b733",
        "version" : "1.0.1"
      }
    },
    {
      "identity" : "sparkle",
      "kind" : "remoteSourceControl",
      "location" : "https://github.com/sparkle-project/Sparkle",
      "state" : {
        "revision" : "c0933a516b420806e9216e71bd13ba76c54f0de6",
        "version" : "1.26.0"
      }
    },
    {
      "identity" : "swift-atomics",
      "kind" : "remoteSourceControl",
      "location" : "https://github.com/apple/swift-atomics.git",
      "state" : {
        "revision" : "3e95ba32cd1b4c877f6163e8eea54afc4e63bf9f",
        "version" : "0.0.3"
      }
    }
  ],
  "version" : 3
}
